
Microsoft Visual Studio Solution File, Format Version 12.00
# Visual Studio Version 16
VisualStudioVersion = 16.0.30503.244
MinimumVisualStudioVersion = 10.0.40219.1
Project("{FAE04EC0-301F-11D3-BF4B-00C04F79EFBC}") = "ExcecoesPersonalizadasSolucaoRuim", "ExcecoesPersonalizadasSolucaoRuim\ExcecoesPersonalizadasSolucaoRuim.csproj", "{A26FDE4F-BD16-4D77-8FEB-8BC16D854FD1}"
EndProject
Global
	GlobalSection(SolutionConfigurationPlatforms) = preSolution
		Debug|Any CPU = Debug|Any CPU
		Release|Any CPU = Release|Any CPU
	EndGlobalSection
	GlobalSection(ProjectConfigurationPlatforms) = postSolution
		{A26FDE4F-BD16-4D77-8FEB-8BC16D854FD1}.Debug|Any CPU.ActiveCfg = Debug|Any CPU
		{A26FDE4F-BD16-4D77-8FEB-8BC16D854FD1}.Debug|Any CPU.Build.0 = Debug|Any CPU
		{A26FDE4F-BD16-4D77-8FEB-8BC16D854FD1}.Release|Any CPU.ActiveCfg = Release|Any CPU
		{A26FDE4F-BD16-4D77-8FEB-8BC16D854FD1}.Release|Any CPU.Build.0 = Release|Any CPU
	EndGlobalSection
	GlobalSection(SolutionProperties) = preSolution
		HideSolutionNode = FALSE
	EndGlobalSection
	GlobalSection(ExtensibilityGlobals) = postSolution
		SolutionGuid = {65FE0981-DEE3-400D-BB5C-E3A36F32369D}
	EndGlobalSection
EndGlobal
